
Microsoft Visual Studio Solution File, Format Version 12.00
# Visual Studio Version 17
VisualStudioVersion = 17.9.34622.214
MinimumVisualStudioVersion = 10.0.40219.1
Project("{9A19103F-16F7-4668-BE54-9A1E7A4F7556}") = "WrongWindowSize", "WrongWindowSize\WrongWindowSize.csproj", "{DC589ABA-493D-40AA-98A2-6F3B1E9CEFAB}"
EndProject
Project("{9A19103F-16F7-4668-BE54-9A1E7A4F7556}") = "WrongWindowSize.Desktop", "WrongWindowSize.Desktop\WrongWindowSize.Desktop.csproj", "{0A23758D-B68D-4F08-91E0-616561722D09}"
EndProject
Global
	GlobalSection(SolutionConfigurationPlatforms) = preSolution
		Debug|Any CPU = Debug|Any CPU
		Release|Any CPU = Release|Any CPU
	EndGlobalSection
	GlobalSection(ProjectConfigurationPlatforms) = postSolution
		{DC589ABA-493D-40AA-98A2-6F3B1E9CEFAB}.Debug|Any CPU.ActiveCfg = Debug|Any CPU
		{DC589ABA-493D-40AA-98A2-6F3B1E9CEFAB}.Debug|Any CPU.Build.0 = Debug|Any CPU
		{DC589ABA-493D-40AA-98A2-6F3B1E9CEFAB}.Release|Any CPU.ActiveCfg = Release|Any CPU
		{DC589ABA-493D-40AA-98A2-6F3B1E9CEFAB}.Release|Any CPU.Build.0 = Release|Any CPU
		{0A23758D-B68D-4F08-91E0-616561722D09}.Debug|Any CPU.ActiveCfg = Debug|Any CPU
		{0A23758D-B68D-4F08-91E0-616561722D09}.Debug|Any CPU.Build.0 = Debug|Any CPU
		{0A23758D-B68D-4F08-91E0-616561722D09}.Release|Any CPU.ActiveCfg = Release|Any CPU
		{0A23758D-B68D-4F08-91E0-616561722D09}.Release|Any CPU.Build.0 = Release|Any CPU
	EndGlobalSection
	GlobalSection(SolutionProperties) = preSolution
		HideSolutionNode = FALSE
	EndGlobalSection
	GlobalSection(ExtensibilityGlobals) = postSolution
		SolutionGuid = {D9B05E31-43D4-4375-A1A1-83F634F5D4BF}
	EndGlobalSection
EndGlobal
